
Microsoft Visual Studio Solution File, Format Version 12.00
# Visual Studio Version 17
VisualStudioVersion = 17.4.33205.214
MinimumVisualStudioVersion = 10.0.40219.1
Project("{9A19103F-16F7-4668-BE54-9A1E7A4F7556}") = "Netflix", "Netflix\Netflix.csproj", "{F5B19216-D60D-40CD-88DC-ABBE5CA69F8C}"
EndProject
Project("{9A19103F-16F7-4668-BE54-9A1E7A4F7556}") = "EntityLayer", "EntityLayer\EntityLayer.csproj", "{A85924BC-387C-467D-85F2-735605F82662}"
EndProject
Project("{9A19103F-16F7-4668-BE54-9A1E7A4F7556}") = "DataAceesLayer", "DataAceesLayer\DataAceesLayer.csproj", "{4C3565AC-991E-4F67-ACDD-1664A575AFEF}"
EndProject
Project("{9A19103F-16F7-4668-BE54-9A1E7A4F7556}") = "BusinnessLayer", "BusinnessLayer\BusinnessLayer.csproj", "{A8101CDC-C23D-40DD-B7D3-3809AEF023F0}"
EndProject
Global
	GlobalSection(SolutionConfigurationPlatforms) = preSolution
		Debug|Any CPU = Debug|Any CPU
		Release|Any CPU = Release|Any CPU
	EndGlobalSection
	GlobalSection(ProjectConfigurationPlatforms) = postSolution
		{F5B19216-D60D-40CD-88DC-ABBE5CA69F8C}.Debug|Any CPU.ActiveCfg = Debug|Any CPU
		{F5B19216-D60D-40CD-88DC-ABBE5CA69F8C}.Debug|Any CPU.Build.0 = Debug|Any CPU
		{F5B19216-D60D-40CD-88DC-ABBE5CA69F8C}.Release|Any CPU.ActiveCfg = Release|Any CPU
		{F5B19216-D60D-40CD-88DC-ABBE5CA69F8C}.Release|Any CPU.Build.0 = Release|Any CPU
		{A85924BC-387C-467D-85F2-735605F82662}.Debug|Any CPU.ActiveCfg = Debug|Any CPU
		{A85924BC-387C-467D-85F2-735605F82662}.Debug|Any CPU.Build.0 = Debug|Any CPU
		{A85924BC-387C-467D-85F2-735605F82662}.Release|Any CPU.ActiveCfg = Release|Any CPU
		{A85924BC-387C-467D-85F2-735605F82662}.Release|Any CPU.Build.0 = Release|Any CPU
		{4C3565AC-991E-4F67-ACDD-1664A575AFEF}.Debug|Any CPU.ActiveCfg = Debug|Any CPU
		{4C3565AC-991E-4F67-ACDD-1664A575AFEF}.Debug|Any CPU.Build.0 = Debug|Any CPU
		{4C3565AC-991E-4F67-ACDD-1664A575AFEF}.Release|Any CPU.ActiveCfg = Release|Any CPU
		{4C3565AC-991E-4F67-ACDD-1664A575AFEF}.Release|Any CPU.Build.0 = Release|Any CPU
		{A8101CDC-C23D-40DD-B7D3-3809AEF023F0}.Debug|Any CPU.ActiveCfg = Debug|Any CPU
		{A8101CDC-C23D-40DD-B7D3-3809AEF023F0}.Debug|Any CPU.Build.0 = Debug|Any CPU
		{A8101CDC-C23D-40DD-B7D3-3809AEF023F0}.Release|Any CPU.ActiveCfg = Release|Any CPU
		{A8101CDC-C23D-40DD-B7D3-3809AEF023F0}.Release|Any CPU.Build.0 = Release|Any CPU
	EndGlobalSection
	GlobalSection(SolutionProperties) = preSolution
		HideSolutionNode = FALSE
	EndGlobalSection
	GlobalSection(ExtensibilityGlobals) = postSolution
		SolutionGuid = {A4B585BE-C937-4A99-A93E-88C6D35B7DD7}
	EndGlobalSection
EndGlobal
